// !$*UTF8*$!
{
	archiveVersion = 1;
	classes = {
	};
	objectVersion = 50;
	objects = {

/* Begin PBXBuildFile section */
		34FB848323E85DD800A81357 /* AppDelegate.swift in Sources */ = {isa = PBXBuildFile; fileRef = 34FB848223E85DD800A81357 /* AppDelegate.swift */; };
		34FB848523E85DD800A81357 /* SceneDelegate.swift in Sources */ = {isa = PBXBuildFile; fileRef = 34FB848423E85DD800A81357 /* SceneDelegate.swift */; };
		34FB848723E85DD800A81357 /* ContentView.swift in Sources */ = {isa = PBXBuildFile; fileRef = 34FB848623E85DD800A81357 /* ContentView.swift */; };
		34FB848923E85DDB00A81357 /* Assets.xcassets in Resources */ = {isa = PBXBuildFile; fileRef = 34FB848823E85DDB00A81357 /* Assets.xcassets */; };
		34FB848C23E85DDB00A81357 /* Preview Assets.xcassets in Resources */ = {isa = PBXBuildFile; fileRef = 34FB848B23E85DDB00A81357 /* Preview Assets.xcassets */; };
		34FB848F23E85DDB00A81357 /* LaunchScreen.storyboard in Resources */ = {isa = PBXBuildFile; fileRef = 34FB848D23E85DDB00A81357 /* LaunchScreen.storyboard */; };
/* End PBXBuildFile section */

/* Begin PBXFileReference section */
		34FB847F23E85DD800A81357 /* FlippableCardView.app */ = {isa = PBXFileReference; explicitFileType = wrapper.application; includeInIndex = 0; path = FlippableCardView.app; sourceTree = BUILT_PRODUCTS_DIR; };
		34FB848223E85DD800A81357 /* AppDelegate.swift */ = {isa = PBXFileReference; lastKnownFileType = sourcecode.swift; path = AppDelegate.swift; sourceTree = "<group>"; };
		34FB848423E85DD800A81357 /* SceneDelegate.swift */ = {isa = PBXFileReference; lastKnownFileType = sourcecode.swift; path = SceneDelegate.swift; sourceTree = "<group>"; };
		34FB848623E85DD800A81357 /* ContentView.swift */ = {isa = PBXFileReference; lastKnownFileType = sourcecode.swift; path = ContentView.swift; sourceTree = "<group>"; };
		34FB848823E85DDB00A81357 /* Assets.xcassets */ = {isa = PBXFileReference; lastKnownFileType = folder.assetcatalog; path = Assets.xcassets; sourceTree = "<group>"; };
		34FB848B23E85DDB00A81357 /* Preview Assets.xcassets */ = {isa = PBXFileReference; lastKnownFileType = folder.assetcatalog; path = "Preview Assets.xcassets"; sourceTree = "<group>"; };
		34FB848E23E85DDB00A81357 /* Base */ = {isa = PBXFileReference; lastKnownFileType = file.storyboard; name = Base; path = Base.lproj/LaunchScreen.storyboard; sourceTree = "<group>"; };
		34FB849023E85DDB00A81357 /* Info.plist */ = {isa = PBXFileReference; lastKnownFileType = text.plist.xml; path = Info.plist; sourceTree = "<group>"; };
/* End PBXFileReference section */

/* Begin PBXFrameworksBuildPhase section */
		34FB847C23E85DD800A81357 /* Frameworks */ = {
			isa = PBXFrameworksBuildPhase;
			buildActionMask = 2147483647;
			files = (
			);
			runOnlyForDeploymentPostprocessing = 0;
		};
/* End PBXFrameworksBuildPhase section */

/* Begin PBXGroup section */
		34FB847623E85DD800A81357 = {
			isa = PBXGroup;
			children = (
				34FB848123E85DD800A81357 /* FlippableCardView */,
				34FB848023E85DD800A81357 /* Products */,
			);
			sourceTree = "<group>";
		};
		34FB848023E85DD800A81357 /* Products */ = {
			isa = PBXGroup;
			children = (
				34FB847F23E85DD800A81357 /* FlippableCardView.app */,
			);
			name = Products;
			sourceTree = "<group>";
		};
		34FB848123E85DD800A81357 /* FlippableCardView */ = {
			isa = PBXGroup;
			children = (
				34FB848223E85DD800A81357 /* AppDelegate.swift */,
				34FB848423E85DD800A81357 /* SceneDelegate.swift */,
				34FB848623E85DD800A81357 /* ContentView.swift */,
				34FB848823E85DDB00A81357 /* Assets.xcassets */,
				34FB848D23E85DDB00A81357 /* LaunchScreen.storyboard */,
				34FB849023E85DDB00A81357 /* Info.plist */,
				34FB848A23E85DDB00A81357 /* Preview Content */,
			);
			path = FlippableCardView;
			sourceTree = "<group>";
		};
		34FB848A23E85DDB00A81357 /* Preview Content */ = {
			isa = PBXGroup;
			children = (
				34FB848B23E85DDB00A81357 /* Preview Assets.xcassets */,
			);
			path = "Preview Content";
			sourceTree = "<group>";
		};
/* End PBXGroup section */

/* Begin PBXNativeTarget section */
		34FB847E23E85DD800A81357 /* FlippableCardView */ = {
			isa = PBXNativeTarget;
			buildConfigurationList = 34FB849323E85DDB00A81357 /* Build configuration list for PBXNativeTarget "FlippableCardView" */;
			buildPhases = (
				34FB847B23E85DD800A81357 /* Sources */,
				34FB847C23E85DD800A81357 /* Frameworks */,
				34FB847D23E85DD800A81357 /* Resources */,
			);
			buildRules = (
			);
			dependencies = (
			);
			name = FlippableCardView;
			productName = FlippableCardView;
			productReference = 34FB847F23E85DD800A81357 /* FlippableCardView.app */;
			productType = "com.apple.product-type.application";
		};
/* End PBXNativeTarget section */

/* Begin PBXProject section */
		34FB847723E85DD800A81357 /* Project object */ = {
			isa = PBXProject;
			attributes = {
				LastSwiftUpdateCheck = 1120;
				LastUpgradeCheck = 1120;
				ORGANIZATIONNAME = TLabs;
				TargetAttributes = {
					34FB847E23E85DD800A81357 = {
						CreatedOnToolsVersion = 11.2.1;
					};
				};
			};
			buildConfigurationList = 34FB847A23E85DD800A81357 /* Build configuration list for PBXProject "FlippableCardView" */;
			compatibilityVersion = "Xcode 9.3";
			developmentRegion = en;
			hasScannedForEncodings = 0;
			knownRegions = (
				en,
				Base,
			);
			mainGroup = 34FB847623E85DD800A81357;
			productRefGroup = 34FB848023E85DD800A81357 /* Products */;
			projectDirPath = "";
			projectRoot = "";
			targets = (
				34FB847E23E85DD800A81357 /* FlippableCardView */,
			);
		};
/* End PBXProject section */

/* Begin PBXResourcesBuildPhase section */
		34FB847D23E85DD800A81357 /* Resources */ = {
			isa = PBXResourcesBuildPhase;
			buildActionMask = 2147483647;
			files = (
				34FB848F23E85DDB00A81357 /* LaunchScreen.storyboard in Resources */,
				34FB848C23E85DDB00A81357 /* Preview Assets.xcassets in Resources */,
				34FB848923E85DDB00A81357 /* Assets.xcassets in Resources */,
			);
			runOnlyForDeploymentPostprocessing = 0;
		};
/* End PBXResourcesBuildPhase section */

/* Begin PBXSourcesBuildPhase section */
		34FB847B23E85DD800A81357 /* Sources */ = {
			isa = PBXSourcesBuildPhase;
			buildActionMask = 2147483647;
			files = (
				34FB848323E85DD800A81357 /* AppDelegate.swift in Sources */,
				34FB848523E85DD800A81357 /* SceneDelegate.swift in Sources */,
				34FB848723E85DD800A81357 /* ContentView.swift in Sources */,
			);
			runOnlyForDeploymentPostprocessing = 0;
		};
/* End PBXSourcesBuildPhase section */

/* Begin PBXVariantGroup section */
		34FB848D23E85DDB00A81357 /* LaunchScreen.storyboard */ = {
			isa = PBXVariantGroup;
			children = (
				34FB848E23E85DDB00A81357 /* Base */,
			);
			name = LaunchScreen.storyboard;
			sourceTree = "<group>";
		};
/* End PBXVariantGroup section */

/* Begin XCBuildConfiguration section */
		34FB849123E85DDB00A81357 /* Debug */ = {
			isa = XCBuildConfiguration;
			buildSettings = {
				ALWAYS_SEARCH_USER_PATHS = NO;
				CLANG_ANALYZER_NONNULL = YES;
				CLANG_ANALYZER_NUMBER_OBJECT_CONVERSION = YES_AGGRESSIVE;
				CLANG_CXX_LANGUAGE_STANDARD = "gnu++14";
				CLANG_CXX_LIBRARY = "libc++";
				CLANG_ENABLE_MODULES = YES;
				CLANG_ENABLE_OBJC_ARC = YES;
				CLANG_ENABLE_OBJC_WEAK = YES;
				CLANG_WARN_BLOCK_CAPTURE_AUTORELEASING = YES;
				CLANG_WARN_BOOL_CONVERSION = YES;
				CLANG_WARN_COMMA = YES;
				CLANG_WARN_CONSTANT_CONVERSION = YES;
				CLANG_WARN_DEPRECATED_OBJC_IMPLEMENTATIONS = YES;
				CLANG_WARN_DIRECT_OBJC_ISA_USAGE = YES_ERROR;
				CLANG_WARN_DOCUMENTATION_COMMENTS = YES;
				CLANG_WARN_EMPTY_BODY = YES;
				CLANG_WARN_ENUM_CONVERSION = YES;
				CLANG_WARN_INFINITE_RECURSION = YES;
				CLANG_WARN_INT_CONVERSION = YES;
				CLANG_WARN_NON_LITERAL_NULL_CONVERSION = YES;
				CLANG_WARN_OBJC_IMPLICIT_RETAIN_SELF = YES;
				CLANG_WARN_OBJC_LITERAL_CONVERSION = YES;
				CLANG_WARN_OBJC_ROOT_CLASS = YES_ERROR;
				CLANG_WARN_RANGE_LOOP_ANALYSIS = YES;
				CLANG_WARN_STRICT_PROTOTYPES = YES;
				CLANG_WARN_SUSPICIOUS_MOVE = YES;
				CLANG_WARN_UNGUARDED_AVAILABILITY = YES_AGGRESSIVE;
				CLANG_WARN_UNREACHABLE_CODE = YES;
				CLANG_WARN__DUPLICATE_METHOD_MATCH = YES;
				COPY_PHASE_STRIP = NO;
				DEBUG_INFORMATION_FORMAT = dwarf;
				ENABLE_STRICT_OBJC_MSGSEND = YES;
				ENABLE_TESTABILITY = YES;
				GCC_C_LANGUAGE_STANDARD = gnu11;
				GCC_DYNAMIC_NO_PIC = NO;
				GCC_NO_COMMON_BLOCKS = YES;
				GCC_OPTIMIZATION_LEVEL = 0;
				GCC_PREPROCESSOR_DEFINITIONS = (
					"DEBUG=1",
					"$(inherited)",
				);
				GCC_WARN_64_TO_32_BIT_CONVERSION = YES;
				GCC_WARN_ABOUT_RETURN_TYPE = YES_ERROR;
				GCC_WARN_UNDECLARED_SELECTOR = YES;
				GCC_WARN_UNINITIALIZED_AUTOS = YES_AGGRESSIVE;
				GCC_WARN_UNUSED_FUNCTION = YES;
				GCC_WARN_UNUSED_VARIABLE = YES;
				IPHONEOS_DEPLOYMENT_TARGET = 13.2;
				MTL_ENABLE_DEBUG_INFO = INCLUDE_SOURCE;
				MTL_FAST_MATH = YES;
				ONLY_ACTIVE_ARCH = YES;
				SDKROOT = iphoneos;
				SWIFT_ACTIVE_COMPILATION_CONDITIONS = DEBUG;
				SWIFT_OPTIMIZATION_LEVEL = "-Onone";
			};
			name = Debug;
		};
		34FB849223E85DDB00A81357 /* Release */ = {
			isa = XCBuildConfiguration;
			buildSettings = {
				ALWAYS_SEARCH_USER_PATHS = NO;
				CLANG_ANALYZER_NONNULL = YES;
				CLANG_ANALYZER_NUMBER_OBJECT_CONVERSION = YES_AGGRESSIVE;
				CLANG_CXX_LANGUAGE_STANDARD = "gnu++14";
				CLANG_CXX_LIBRARY = "libc++";
				CLANG_ENABLE_MODULES = YES;
				CLANG_ENABLE_OBJC_ARC = YES;
				CLANG_ENABLE_OBJC_WEAK = YES;
				CLANG_WARN_BLOCK_CAPTURE_AUTORELEASING = YES;
				CLANG_WARN_BOOL_CONVERSION = YES;
				CLANG_WARN_COMMA = YES;
				CLANG_WARN_CONSTANT_CONVERSION = YES;
				CLANG_WARN_DEPRECATED_OBJC_IMPLEMENTATIONS = YES;
				CLANG_WARN_DIRECT_OBJC_ISA_USAGE = YES_ERROR;
				CLANG_WARN_DOCUMENTATION_COMMENTS = YES;
				CLANG_WARN_EMPTY_BODY = YES;
				CLANG_WARN_ENUM_CONVERSION = YES;
				CLANG_WARN_INFINITE_RECURSION = YES;
				CLANG_WARN_INT_CONVERSION = YES;
				CLANG_WARN_NON_LITERAL_NULL_CONVERSION = YES;
				CLANG_WARN_OBJC_IMPLICIT_RETAIN_SELF = YES;
				CLANG_WARN_OBJC_LITERAL_CONVERSION = YES;
				CLANG_WARN_OBJC_ROOT_CLASS = YES_ERROR;
				CLANG_WARN_RANGE_LOOP_ANALYSIS = YES;
				CLANG_WARN_STRICT_PROTOTYPES = YES;
				CLANG_WARN_SUSPICIOUS_MOVE = YES;
				CLANG_WARN_UNGUARDED_AVAILABILITY = YES_AGGRESSIVE;
				CLANG_WARN_UNREACHABLE_CODE = YES;
				CLANG_WARN__DUPLICATE_METHOD_MATCH = YES;
				COPY_PHASE_STRIP = NO;
				DEBUG_INFORMATION_FORMAT = "dwarf-with-dsym";
				ENABLE_NS_ASSERTIONS = NO;
				ENABLE_STRICT_OBJC_MSGSEND = YES;
				GCC_C_LANGUAGE_STANDARD = gnu11;
				GCC_NO_COMMON_BLOCKS = YES;
				GCC_WARN_64_TO_32_BIT_CONVERSION = YES;
				GCC_WARN_ABOUT_RETURN_TYPE = YES_ERROR;
				GCC_WARN_UNDECLARED_SELECTOR = YES;
				GCC_WARN_UNINITIALIZED_AUTOS = YES_AGGRESSIVE;
				GCC_WARN_UNUSED_FUNCTION = YES;
				GCC_WARN_UNUSED_VARIABLE = YES;
				IPHONEOS_DEPLOYMENT_TARGET = 13.2;
				MTL_ENABLE_DEBUG_INFO = NO;
				MTL_FAST_MATH = YES;
				SDKROOT = iphoneos;
				SWIFT_COMPILATION_MODE = wholemodule;
				SWIFT_OPTIMIZATION_LEVEL = "-O";
				VALIDATE_PRODUCT = YES;
			};
			name = Release;
		};
		34FB849423E85DDB00A81357 /* Debug */ = {
			isa = XCBuildConfiguration;
			buildSettings = {
				ASSETCATALOG_COMPILER_APPICON_NAME = AppIcon;
				CODE_SIGN_STYLE = Automatic;
				DEVELOPMENT_ASSET_PATHS = "\"FlippableCardView/Preview Content\"";
				DEVELOPMENT_TEAM = N38EC3HSGY;
				ENABLE_PREVIEWS = YES;
				INFOPLIST_FILE = FlippableCardView/Info.plist;
				LD_RUNPATH_SEARCH_PATHS = (
					"$(inherited)",
					"@executable_path/Frameworks",
				);
				PRODUCT_BUNDLE_IDENTIFIER = com.nirajtiwari.FlippableCardView;
				PRODUCT_NAME = "$(TARGET_NAME)";
				SWIFT_VERSION = 5.0;
				TARGETED_DEVICE_FAMILY = "1,2";
			};
			name = Debug;
		};
		34FB849523E85DDB00A81357 /* Release */ = {
			isa = XCBuildConfiguration;
			buildSettings = {
				ASSETCATALOG_COMPILER_APPICON_NAME = AppIcon;
				CODE_SIGN_STYLE = Automatic;
				DEVELOPMENT_ASSET_PATHS = "\"FlippableCardView/Preview Content\"";
				DEVELOPMENT_TEAM = N38EC3HSGY;
				ENABLE_PREVIEWS = YES;
				INFOPLIST_FILE = FlippableCardView/Info.plist;
				LD_RUNPATH_SEARCH_PATHS = (
					"$(inherited)",
					"@executable_path/Frameworks",
				);
				PRODUCT_BUNDLE_IDENTIFIER = com.nirajtiwari.FlippableCardView;
				PRODUCT_NAME = "$(TARGET_NAME)";
				SWIFT_VERSION = 5.0;
				TARGETED_DEVICE_FAMILY = "1,2";
			};
			name = Release;
		};
/* End XCBuildConfiguration section */

/* Begin XCConfigurationList section */
		34FB847A23E85DD800A81357 /* Build configuration list for PBXProject "FlippableCardView" */ = {
			isa = XCConfigurationList;
			buildConfigurations = (
				34FB849123E85DDB00A81357 /* Debug */,
				34FB849223E85DDB00A81357 /* Release */,
			);
			defaultConfigurationIsVisible = 0;
			defaultConfigurationName = Release;
		};
		34FB849323E85DDB00A81357 /* Build configuration list for PBXNativeTarget "FlippableCardView" */ = {
			isa = XCConfigurationList;
			buildConfigurations = (
				34FB849423E85DDB00A81357 /* Debug */,
				34FB849523E85DDB00A81357 /* Release */,
			);
			defaultConfigurationIsVisible = 0;
			defaultConfigurationName = Release;
		};
/* End XCConfigurationList section */
	};
	rootObject = 34FB847723E85DD800A81357 /* Project object */;
}
